
Microsoft Visual Studio Solution File, Format Version 12.00
# Visual Studio Version 17
VisualStudioVersion = 17.0.31903.59
MinimumVisualStudioVersion = 10.0.40219.1
Project("{FAE04EC0-301F-11D3-BF4B-00C04F79EFBC}") = "Variables", "Variables\Variables.csproj", "{EBF0FD80-9C49-4FFE-A286-99C9AE11B9D3}"
EndProject
Project("{FAE04EC0-301F-11D3-BF4B-00C04F79EFBC}") = "Input", "Input\Input.csproj", "{0188DBD6-CC34-4922-BBB0-655ACF589224}"
EndProject
Project("{FAE04EC0-301F-11D3-BF4B-00C04F79EFBC}") = "Conversion", "Conversion\Conversion.csproj", "{EF3B4ED9-3FBC-414D-99D5-B46D98F78367}"
EndProject
Project("{FAE04EC0-301F-11D3-BF4B-00C04F79EFBC}") = "Arrays", "Arrays\Arrays.csproj", "{B3E1B561-E711-4B0E-95C9-BA2D01140951}"
EndProject
Project("{FAE04EC0-301F-11D3-BF4B-00C04F79EFBC}") = "Cast", "Cast\Cast.csproj", "{57A00A96-E8E8-4FF1-915E-D48C1D93C741}"
EndProject
Project("{FAE04EC0-301F-11D3-BF4B-00C04F79EFBC}") = "Constant", "Constant\Constant.csproj", "{99562FEC-0EE1-494E-8B0B-12218AB1218D}"
EndProject
Project("{FAE04EC0-301F-11D3-BF4B-00C04F79EFBC}") = "Arithmetic", "Arithmetic\Arithmetic.csproj", "{EE4202B0-746C-4B5E-9A46-1D203D5F47F5}"
EndProject
Project("{FAE04EC0-301F-11D3-BF4B-00C04F79EFBC}") = "Assign", "Assign\Assign.csproj", "{084523FA-E1CB-4157-98B3-7D708A98A2F2}"
EndProject
Project("{FAE04EC0-301F-11D3-BF4B-00C04F79EFBC}") = "Comparison", "Comparison\Comparison.csproj", "{9BEF7A57-344A-47E8-A2D4-AD1031CCD374}"
EndProject
Project("{FAE04EC0-301F-11D3-BF4B-00C04F79EFBC}") = "Logic", "Logic\Logic.csproj", "{E32E9AAC-1880-4D05-82AD-9CB6AC0298EF}"
EndProject
Project("{FAE04EC0-301F-11D3-BF4B-00C04F79EFBC}") = "Condition", "Condition\Condition.csproj", "{AAD88472-0131-42B6-85D1-C84B8F839A62}"
EndProject
Project("{FAE04EC0-301F-11D3-BF4B-00C04F79EFBC}") = "Precedence", "Precedence\Precedence.csproj", "{EA31C8A5-BDDE-4E31-B814-7C8218DE83D9}"
EndProject
Project("{FAE04EC0-301F-11D3-BF4B-00C04F79EFBC}") = "IfElse", "IfElse\IfElse.csproj", "{AA210DB9-9E42-48D8-B59D-8B92195E0B7F}"
EndProject
Project("{FAE04EC0-301F-11D3-BF4B-00C04F79EFBC}") = "Switch", "Switch\Switch.csproj", "{545DE30C-85F7-46FA-9FC5-6CE96D6FEBD0}"
EndProject
Project("{FAE04EC0-301F-11D3-BF4B-00C04F79EFBC}") = "ForLoop", "ForLoop\ForLoop.csproj", "{3DBB75B4-A4C3-4258-BA15-189C1BAC5F52}"
EndProject
Project("{FAE04EC0-301F-11D3-BF4B-00C04F79EFBC}") = "WhileLoop", "WhileLoop\WhileLoop.csproj", "{99986CBD-0FFC-43E1-B368-E52EAF78CDE5}"
EndProject
Project("{FAE04EC0-301F-11D3-BF4B-00C04F79EFBC}") = "ForEach", "ForEach\ForEach.csproj", "{5598F6EB-CF45-4286-B120-9075E53D122D}"
EndProject
Project("{FAE04EC0-301F-11D3-BF4B-00C04F79EFBC}") = "KeyValue", "KeyValue\KeyValue.csproj", "{C33C179A-433E-4997-9ABE-EF814B54338E}"
EndProject
Project("{FAE04EC0-301F-11D3-BF4B-00C04F79EFBC}") = "Function", "Function\Function.csproj", "{8E772E0F-8095-4456-AB89-D37C8CB59004}"
EndProject
Project("{FAE04EC0-301F-11D3-BF4B-00C04F79EFBC}") = "Parameter", "Parameter\Parameter.csproj", "{243E790E-EBC3-43C8-982B-D25FAC49C891}"
EndProject
Project("{FAE04EC0-301F-11D3-BF4B-00C04F79EFBC}") = "Overload", "Overload\Overload.csproj", "{69A1DDA3-DFF6-4CAA-8149-387A784B5BCF}"
EndProject
Project("{FAE04EC0-301F-11D3-BF4B-00C04F79EFBC}") = "HelloWorld", "HelloWorld\HelloWorld.csproj", "{14881C7F-E247-403D-9C79-022A16D55451}"
EndProject
Project("{FAE04EC0-301F-11D3-BF4B-00C04F79EFBC}") = "RandomNumberGenerator", "..\Small Projects\RandomNumberGenerator\RandomNumberGenerator.csproj", "{D55FAE54-8AE8-4810-98EF-C9277B8A7735}"
EndProject
Global
	GlobalSection(SolutionConfigurationPlatforms) = preSolution
		Debug|Any CPU = Debug|Any CPU
		Debug|x64 = Debug|x64
		Debug|x86 = Debug|x86
		Release|Any CPU = Release|Any CPU
		Release|x64 = Release|x64
		Release|x86 = Release|x86
	EndGlobalSection
	GlobalSection(ProjectConfigurationPlatforms) = postSolution
		{EBF0FD80-9C49-4FFE-A286-99C9AE11B9D3}.Debug|Any CPU.ActiveCfg = Debug|Any CPU
		{EBF0FD80-9C49-4FFE-A286-99C9AE11B9D3}.Debug|Any CPU.Build.0 = Debug|Any CPU
		{EBF0FD80-9C49-4FFE-A286-99C9AE11B9D3}.Debug|x64.ActiveCfg = Debug|Any CPU
		{EBF0FD80-9C49-4FFE-A286-99C9AE11B9D3}.Debug|x64.Build.0 = Debug|Any CPU
		{EBF0FD80-9C49-4FFE-A286-99C9AE11B9D3}.Debug|x86.ActiveCfg = Debug|Any CPU
		{EBF0FD80-9C49-4FFE-A286-99C9AE11B9D3}.Debug|x86.Build.0 = Debug|Any CPU
		{EBF0FD80-9C49-4FFE-A286-99C9AE11B9D3}.Release|Any CPU.ActiveCfg = Release|Any CPU
		{EBF0FD80-9C49-4FFE-A286-99C9AE11B9D3}.Release|Any CPU.Build.0 = Release|Any CPU
		{EBF0FD80-9C49-4FFE-A286-99C9AE11B9D3}.Release|x64.ActiveCfg = Release|Any CPU
		{EBF0FD80-9C49-4FFE-A286-99C9AE11B9D3}.Release|x64.Build.0 = Release|Any CPU
		{EBF0FD80-9C49-4FFE-A286-99C9AE11B9D3}.Release|x86.ActiveCfg = Release|Any CPU
		{EBF0FD80-9C49-4FFE-A286-99C9AE11B9D3}.Release|x86.Build.0 = Release|Any CPU
		{0188DBD6-CC34-4922-BBB0-655ACF589224}.Debug|Any CPU.ActiveCfg = Debug|Any CPU
		{0188DBD6-CC34-4922-BBB0-655ACF589224}.Debug|Any CPU.Build.0 = Debug|Any CPU
		{0188DBD6-CC34-4922-BBB0-655ACF589224}.Debug|x64.ActiveCfg = Debug|Any CPU
		{0188DBD6-CC34-4922-BBB0-655ACF589224}.Debug|x64.Build.0 = Debug|Any CPU
		{0188DBD6-CC34-4922-BBB0-655ACF589224}.Debug|x86.ActiveCfg = Debug|Any CPU
		{0188DBD6-CC34-4922-BBB0-655ACF589224}.Debug|x86.Build.0 = Debug|Any CPU
		{0188DBD6-CC34-4922-BBB0-655ACF589224}.Release|Any CPU.ActiveCfg = Release|Any CPU
		{0188DBD6-CC34-4922-BBB0-655ACF589224}.Release|Any CPU.Build.0 = Release|Any CPU
		{0188DBD6-CC34-4922-BBB0-655ACF589224}.Release|x64.ActiveCfg = Release|Any CPU
		{0188DBD6-CC34-4922-BBB0-655ACF589224}.Release|x64.Build.0 = Release|Any CPU
		{0188DBD6-CC34-4922-BBB0-655ACF589224}.Release|x86.ActiveCfg = Release|Any CPU
		{0188DBD6-CC34-4922-BBB0-655ACF589224}.Release|x86.Build.0 = Release|Any CPU
		{EF3B4ED9-3FBC-414D-99D5-B46D98F78367}.Debug|Any CPU.ActiveCfg = Debug|Any CPU
		{EF3B4ED9-3FBC-414D-99D5-B46D98F78367}.Debug|Any CPU.Build.0 = Debug|Any CPU
		{EF3B4ED9-3FBC-414D-99D5-B46D98F78367}.Debug|x64.ActiveCfg = Debug|Any CPU
		{EF3B4ED9-3FBC-414D-99D5-B46D98F78367}.Debug|x64.Build.0 = Debug|Any CPU
		{EF3B4ED9-3FBC-414D-99D5-B46D98F78367}.Debug|x86.ActiveCfg = Debug|Any CPU
		{EF3B4ED9-3FBC-414D-99D5-B46D98F78367}.Debug|x86.Build.0 = Debug|Any CPU
		{EF3B4ED9-3FBC-414D-99D5-B46D98F78367}.Release|Any CPU.ActiveCfg = Release|Any CPU
		{EF3B4ED9-3FBC-414D-99D5-B46D98F78367}.Release|Any CPU.Build.0 = Release|Any CPU
		{EF3B4ED9-3FBC-414D-99D5-B46D98F78367}.Release|x64.ActiveCfg = Release|Any CPU
		{EF3B4ED9-3FBC-414D-99D5-B46D98F78367}.Release|x64.Build.0 = Release|Any CPU
		{EF3B4ED9-3FBC-414D-99D5-B46D98F78367}.Release|x86.ActiveCfg = Release|Any CPU
		{EF3B4ED9-3FBC-414D-99D5-B46D98F78367}.Release|x86.Build.0 = Release|Any CPU
		{B3E1B561-E711-4B0E-95C9-BA2D01140951}.Debug|Any CPU.ActiveCfg = Debug|Any CPU
		{B3E1B561-E711-4B0E-95C9-BA2D01140951}.Debug|Any CPU.Build.0 = Debug|Any CPU
		{B3E1B561-E711-4B0E-95C9-BA2D01140951}.Debug|x64.ActiveCfg = Debug|Any CPU
		{B3E1B561-E711-4B0E-95C9-BA2D01140951}.Debug|x64.Build.0 = Debug|Any CPU
		{B3E1B561-E711-4B0E-95C9-BA2D01140951}.Debug|x86.ActiveCfg = Debug|Any CPU
		{B3E1B561-E711-4B0E-95C9-BA2D01140951}.Debug|x86.Build.0 = Debug|Any CPU
		{B3E1B561-E711-4B0E-95C9-BA2D01140951}.Release|Any CPU.ActiveCfg = Release|Any CPU
		{B3E1B561-E711-4B0E-95C9-BA2D01140951}.Release|Any CPU.Build.0 = Release|Any CPU
		{B3E1B561-E711-4B0E-95C9-BA2D01140951}.Release|x64.ActiveCfg = Release|Any CPU
		{B3E1B561-E711-4B0E-95C9-BA2D01140951}.Release|x64.Build.0 = Release|Any CPU
		{B3E1B561-E711-4B0E-95C9-BA2D01140951}.Release|x86.ActiveCfg = Release|Any CPU
		{B3E1B561-E711-4B0E-95C9-BA2D01140951}.Release|x86.Build.0 = Release|Any CPU
		{57A00A96-E8E8-4FF1-915E-D48C1D93C741}.Debug|Any CPU.ActiveCfg = Debug|Any CPU
		{57A00A96-E8E8-4FF1-915E-D48C1D93C741}.Debug|Any CPU.Build.0 = Debug|Any CPU
		{57A00A96-E8E8-4FF1-915E-D48C1D93C741}.Debug|x64.ActiveCfg = Debug|Any CPU
		{57A00A96-E8E8-4FF1-915E-D48C1D93C741}.Debug|x64.Build.0 = Debug|Any CPU
		{57A00A96-E8E8-4FF1-915E-D48C1D93C741}.Debug|x86.ActiveCfg = Debug|Any CPU
		{57A00A96-E8E8-4FF1-915E-D48C1D93C741}.Debug|x86.Build.0 = Debug|Any CPU
		{57A00A96-E8E8-4FF1-915E-D48C1D93C741}.Release|Any CPU.ActiveCfg = Release|Any CPU
		{57A00A96-E8E8-4FF1-915E-D48C1D93C741}.Release|Any CPU.Build.0 = Release|Any CPU
		{57A00A96-E8E8-4FF1-915E-D48C1D93C741}.Release|x64.ActiveCfg = Release|Any CPU
		{57A00A96-E8E8-4FF1-915E-D48C1D93C741}.Release|x64.Build.0 = Release|Any CPU
		{57A00A96-E8E8-4FF1-915E-D48C1D93C741}.Release|x86.ActiveCfg = Release|Any CPU
		{57A00A96-E8E8-4FF1-915E-D48C1D93C741}.Release|x86.Build.0 = Release|Any CPU
		{99562FEC-0EE1-494E-8B0B-12218AB1218D}.Debug|Any CPU.ActiveCfg = Debug|Any CPU
		{99562FEC-0EE1-494E-8B0B-12218AB1218D}.Debug|Any CPU.Build.0 = Debug|Any CPU
		{99562FEC-0EE1-494E-8B0B-12218AB1218D}.Debug|x64.ActiveCfg = Debug|Any CPU
		{99562FEC-0EE1-494E-8B0B-12218AB1218D}.Debug|x64.Build.0 = Debug|Any CPU
		{99562FEC-0EE1-494E-8B0B-12218AB1218D}.Debug|x86.ActiveCfg = Debug|Any CPU
		{99562FEC-0EE1-494E-8B0B-12218AB1218D}.Debug|x86.Build.0 = Debug|Any CPU
		{99562FEC-0EE1-494E-8B0B-12218AB1218D}.Release|Any CPU.ActiveCfg = Release|Any CPU
		{99562FEC-0EE1-494E-8B0B-12218AB1218D}.Release|Any CPU.Build.0 = Release|Any CPU
		{99562FEC-0EE1-494E-8B0B-12218AB1218D}.Release|x64.ActiveCfg = Release|Any CPU
		{99562FEC-0EE1-494E-8B0B-12218AB1218D}.Release|x64.Build.0 = Release|Any CPU
		{99562FEC-0EE1-494E-8B0B-12218AB1218D}.Release|x86.ActiveCfg = Release|Any CPU
		{99562FEC-0EE1-494E-8B0B-12218AB1218D}.Release|x86.Build.0 = Release|Any CPU
		{EE4202B0-746C-4B5E-9A46-1D203D5F47F5}.Debug|Any CPU.ActiveCfg = Debug|Any CPU
		{EE4202B0-746C-4B5E-9A46-1D203D5F47F5}.Debug|Any CPU.Build.0 = Debug|Any CPU
		{EE4202B0-746C-4B5E-9A46-1D203D5F47F5}.Debug|x64.ActiveCfg = Debug|Any CPU
		{EE4202B0-746C-4B5E-9A46-1D203D5F47F5}.Debug|x64.Build.0 = Debug|Any CPU
		{EE4202B0-746C-4B5E-9A46-1D203D5F47F5}.Debug|x86.ActiveCfg = Debug|Any CPU
		{EE4202B0-746C-4B5E-9A46-1D203D5F47F5}.Debug|x86.Build.0 = Debug|Any CPU
		{EE4202B0-746C-4B5E-9A46-1D203D5F47F5}.Release|Any CPU.ActiveCfg = Release|Any CPU
		{EE4202B0-746C-4B5E-9A46-1D203D5F47F5}.Release|Any CPU.Build.0 = Release|Any CPU
		{EE4202B0-746C-4B5E-9A46-1D203D5F47F5}.Release|x64.ActiveCfg = Release|Any CPU
		{EE4202B0-746C-4B5E-9A46-1D203D5F47F5}.Release|x64.Build.0 = Release|Any CPU
		{EE4202B0-746C-4B5E-9A46-1D203D5F47F5}.Release|x86.ActiveCfg = Release|Any CPU
		{EE4202B0-746C-4B5E-9A46-1D203D5F47F5}.Release|x86.Build.0 = Release|Any CPU
		{084523FA-E1CB-4157-98B3-7D708A98A2F2}.Debug|Any CPU.ActiveCfg = Debug|Any CPU
		{084523FA-E1CB-4157-98B3-7D708A98A2F2}.Debug|Any CPU.Build.0 = Debug|Any CPU
		{084523FA-E1CB-4157-98B3-7D708A98A2F2}.Debug|x64.ActiveCfg = Debug|Any CPU
		{084523FA-E1CB-4157-98B3-7D708A98A2F2}.Debug|x64.Build.0 = Debug|Any CPU
		{084523FA-E1CB-4157-98B3-7D708A98A2F2}.Debug|x86.ActiveCfg = Debug|Any CPU
		{084523FA-E1CB-4157-98B3-7D708A98A2F2}.Debug|x86.Build.0 = Debug|Any CPU
		{084523FA-E1CB-4157-98B3-7D708A98A2F2}.Release|Any CPU.ActiveCfg = Release|Any CPU
		{084523FA-E1CB-4157-98B3-7D708A98A2F2}.Release|Any CPU.Build.0 = Release|Any CPU
		{084523FA-E1CB-4157-98B3-7D708A98A2F2}.Release|x64.ActiveCfg = Release|Any CPU
		{084523FA-E1CB-4157-98B3-7D708A98A2F2}.Release|x64.Build.0 = Release|Any CPU
		{084523FA-E1CB-4157-98B3-7D708A98A2F2}.Release|x86.ActiveCfg = Release|Any CPU
		{084523FA-E1CB-4157-98B3-7D708A98A2F2}.Release|x86.Build.0 = Release|Any CPU
		{9BEF7A57-344A-47E8-A2D4-AD1031CCD374}.Debug|Any CPU.ActiveCfg = Debug|Any CPU
		{9BEF7A57-344A-47E8-A2D4-AD1031CCD374}.Debug|Any CPU.Build.0 = Debug|Any CPU
		{9BEF7A57-344A-47E8-A2D4-AD1031CCD374}.Debug|x64.ActiveCfg = Debug|Any CPU
		{9BEF7A57-344A-47E8-A2D4-AD1031CCD374}.Debug|x64.Build.0 = Debug|Any CPU
		{9BEF7A57-344A-47E8-A2D4-AD1031CCD374}.Debug|x86.ActiveCfg = Debug|Any CPU
		{9BEF7A57-344A-47E8-A2D4-AD1031CCD374}.Debug|x86.Build.0 = Debug|Any CPU
		{9BEF7A57-344A-47E8-A2D4-AD1031CCD374}.Release|Any CPU.ActiveCfg = Release|Any CPU
		{9BEF7A57-344A-47E8-A2D4-AD1031CCD374}.Release|Any CPU.Build.0 = Release|Any CPU
		{9BEF7A57-344A-47E8-A2D4-AD1031CCD374}.Release|x64.ActiveCfg = Release|Any CPU
		{9BEF7A57-344A-47E8-A2D4-AD1031CCD374}.Release|x64.Build.0 = Release|Any CPU
		{9BEF7A57-344A-47E8-A2D4-AD1031CCD374}.Release|x86.ActiveCfg = Release|Any CPU
		{9BEF7A57-344A-47E8-A2D4-AD1031CCD374}.Release|x86.Build.0 = Release|Any CPU
		{E32E9AAC-1880-4D05-82AD-9CB6AC0298EF}.Debug|Any CPU.ActiveCfg = Debug|Any CPU
		{E32E9AAC-1880-4D05-82AD-9CB6AC0298EF}.Debug|Any CPU.Build.0 = Debug|Any CPU
		{E32E9AAC-1880-4D05-82AD-9CB6AC0298EF}.Debug|x64.ActiveCfg = Debug|Any CPU
		{E32E9AAC-1880-4D05-82AD-9CB6AC0298EF}.Debug|x64.Build.0 = Debug|Any CPU
		{E32E9AAC-1880-4D05-82AD-9CB6AC0298EF}.Debug|x86.ActiveCfg = Debug|Any CPU
		{E32E9AAC-1880-4D05-82AD-9CB6AC0298EF}.Debug|x86.Build.0 = Debug|Any CPU
		{E32E9AAC-1880-4D05-82AD-9CB6AC0298EF}.Release|Any CPU.ActiveCfg = Release|Any CPU
		{E32E9AAC-1880-4D05-82AD-9CB6AC0298EF}.Release|Any CPU.Build.0 = Release|Any CPU
		{E32E9AAC-1880-4D05-82AD-9CB6AC0298EF}.Release|x64.ActiveCfg = Release|Any CPU
		{E32E9AAC-1880-4D05-82AD-9CB6AC0298EF}.Release|x64.Build.0 = Release|Any CPU
		{E32E9AAC-1880-4D05-82AD-9CB6AC0298EF}.Release|x86.ActiveCfg = Release|Any CPU
		{E32E9AAC-1880-4D05-82AD-9CB6AC0298EF}.Release|x86.Build.0 = Release|Any CPU
		{AAD88472-0131-42B6-85D1-C84B8F839A62}.Debug|Any CPU.ActiveCfg = Debug|Any CPU
		{AAD88472-0131-42B6-85D1-C84B8F839A62}.Debug|Any CPU.Build.0 = Debug|Any CPU
		{AAD88472-0131-42B6-85D1-C84B8F839A62}.Debug|x64.ActiveCfg = Debug|Any CPU
		{AAD88472-0131-42B6-85D1-C84B8F839A62}.Debug|x64.Build.0 = Debug|Any CPU
		{AAD88472-0131-42B6-85D1-C84B8F839A62}.Debug|x86.ActiveCfg = Debug|Any CPU
		{AAD88472-0131-42B6-85D1-C84B8F839A62}.Debug|x86.Build.0 = Debug|Any CPU
		{AAD88472-0131-42B6-85D1-C84B8F839A62}.Release|Any CPU.ActiveCfg = Release|Any CPU
		{AAD88472-0131-42B6-85D1-C84B8F839A62}.Release|Any CPU.Build.0 = Release|Any CPU
		{AAD88472-0131-42B6-85D1-C84B8F839A62}.Release|x64.ActiveCfg = Release|Any CPU
		{AAD88472-0131-42B6-85D1-C84B8F839A62}.Release|x64.Build.0 = Release|Any CPU
		{AAD88472-0131-42B6-85D1-C84B8F839A62}.Release|x86.ActiveCfg = Release|Any CPU
		{AAD88472-0131-42B6-85D1-C84B8F839A62}.Release|x86.Build.0 = Release|Any CPU
		{EA31C8A5-BDDE-4E31-B814-7C8218DE83D9}.Debug|Any CPU.ActiveCfg = Debug|Any CPU
		{EA31C8A5-BDDE-4E31-B814-7C8218DE83D9}.Debug|Any CPU.Build.0 = Debug|Any CPU
		{EA31C8A5-BDDE-4E31-B814-7C8218DE83D9}.Debug|x64.ActiveCfg = Debug|Any CPU
		{EA31C8A5-BDDE-4E31-B814-7C8218DE83D9}.Debug|x64.Build.0 = Debug|Any CPU
		{EA31C8A5-BDDE-4E31-B814-7C8218DE83D9}.Debug|x86.ActiveCfg = Debug|Any CPU
		{EA31C8A5-BDDE-4E31-B814-7C8218DE83D9}.Debug|x86.Build.0 = Debug|Any CPU
		{EA31C8A5-BDDE-4E31-B814-7C8218DE83D9}.Release|Any CPU.ActiveCfg = Release|Any CPU
		{EA31C8A5-BDDE-4E31-B814-7C8218DE83D9}.Release|Any CPU.Build.0 = Release|Any CPU
		{EA31C8A5-BDDE-4E31-B814-7C8218DE83D9}.Release|x64.ActiveCfg = Release|Any CPU
		{EA31C8A5-BDDE-4E31-B814-7C8218DE83D9}.Release|x64.Build.0 = Release|Any CPU
		{EA31C8A5-BDDE-4E31-B814-7C8218DE83D9}.Release|x86.ActiveCfg = Release|Any CPU
		{EA31C8A5-BDDE-4E31-B814-7C8218DE83D9}.Release|x86.Build.0 = Release|Any CPU
		{AA210DB9-9E42-48D8-B59D-8B92195E0B7F}.Debug|Any CPU.ActiveCfg = Debug|Any CPU
		{AA210DB9-9E42-48D8-B59D-8B92195E0B7F}.Debug|Any CPU.Build.0 = Debug|Any CPU
		{AA210DB9-9E42-48D8-B59D-8B92195E0B7F}.Debug|x64.ActiveCfg = Debug|Any CPU
		{AA210DB9-9E42-48D8-B59D-8B92195E0B7F}.Debug|x64.Build.0 = Debug|Any CPU
		{AA210DB9-9E42-48D8-B59D-8B92195E0B7F}.Debug|x86.ActiveCfg = Debug|Any CPU
		{AA210DB9-9E42-48D8-B59D-8B92195E0B7F}.Debug|x86.Build.0 = Debug|Any CPU
		{AA210DB9-9E42-48D8-B59D-8B92195E0B7F}.Release|Any CPU.ActiveCfg = Release|Any CPU
		{AA210DB9-9E42-48D8-B59D-8B92195E0B7F}.Release|Any CPU.Build.0 = Release|Any CPU
		{AA210DB9-9E42-48D8-B59D-8B92195E0B7F}.Release|x64.ActiveCfg = Release|Any CPU
		{AA210DB9-9E42-48D8-B59D-8B92195E0B7F}.Release|x64.Build.0 = Release|Any CPU
		{AA210DB9-9E42-48D8-B59D-8B92195E0B7F}.Release|x86.ActiveCfg = Release|Any CPU
		{AA210DB9-9E42-48D8-B59D-8B92195E0B7F}.Release|x86.Build.0 = Release|Any CPU
		{545DE30C-85F7-46FA-9FC5-6CE96D6FEBD0}.Debug|Any CPU.ActiveCfg = Debug|Any CPU
		{545DE30C-85F7-46FA-9FC5-6CE96D6FEBD0}.Debug|Any CPU.Build.0 = Debug|Any CPU
		{545DE30C-85F7-46FA-9FC5-6CE96D6FEBD0}.Debug|x64.ActiveCfg = Debug|Any CPU
		{545DE30C-85F7-46FA-9FC5-6CE96D6FEBD0}.Debug|x64.Build.0 = Debug|Any CPU
		{545DE30C-85F7-46FA-9FC5-6CE96D6FEBD0}.Debug|x86.ActiveCfg = Debug|Any CPU
		{545DE30C-85F7-46FA-9FC5-6CE96D6FEBD0}.Debug|x86.Build.0 = Debug|Any CPU
		{545DE30C-85F7-46FA-9FC5-6CE96D6FEBD0}.Release|Any CPU.ActiveCfg = Release|Any CPU
		{545DE30C-85F7-46FA-9FC5-6CE96D6FEBD0}.Release|Any CPU.Build.0 = Release|Any CPU
		{545DE30C-85F7-46FA-9FC5-6CE96D6FEBD0}.Release|x64.ActiveCfg = Release|Any CPU
		{545DE30C-85F7-46FA-9FC5-6CE96D6FEBD0}.Release|x64.Build.0 = Release|Any CPU
		{545DE30C-85F7-46FA-9FC5-6CE96D6FEBD0}.Release|x86.ActiveCfg = Release|Any CPU
		{545DE30C-85F7-46FA-9FC5-6CE96D6FEBD0}.Release|x86.Build.0 = Release|Any CPU
		{3DBB75B4-A4C3-4258-BA15-189C1BAC5F52}.Debug|Any CPU.ActiveCfg = Debug|Any CPU
		{3DBB75B4-A4C3-4258-BA15-189C1BAC5F52}.Debug|Any CPU.Build.0 = Debug|Any CPU
		{3DBB75B4-A4C3-4258-BA15-189C1BAC5F52}.Debug|x64.ActiveCfg = Debug|Any CPU
		{3DBB75B4-A4C3-4258-BA15-189C1BAC5F52}.Debug|x64.Build.0 = Debug|Any CPU
		{3DBB75B4-A4C3-4258-BA15-189C1BAC5F52}.Debug|x86.ActiveCfg = Debug|Any CPU
		{3DBB75B4-A4C3-4258-BA15-189C1BAC5F52}.Debug|x86.Build.0 = Debug|Any CPU
		{3DBB75B4-A4C3-4258-BA15-189C1BAC5F52}.Release|Any CPU.ActiveCfg = Release|Any CPU
		{3DBB75B4-A4C3-4258-BA15-189C1BAC5F52}.Release|Any CPU.Build.0 = Release|Any CPU
		{3DBB75B4-A4C3-4258-BA15-189C1BAC5F52}.Release|x64.ActiveCfg = Release|Any CPU
		{3DBB75B4-A4C3-4258-BA15-189C1BAC5F52}.Release|x64.Build.0 = Release|Any CPU
		{3DBB75B4-A4C3-4258-BA15-189C1BAC5F52}.Release|x86.ActiveCfg = Release|Any CPU
		{3DBB75B4-A4C3-4258-BA15-189C1BAC5F52}.Release|x86.Build.0 = Release|Any CPU
		{99986CBD-0FFC-43E1-B368-E52EAF78CDE5}.Debug|Any CPU.ActiveCfg = Debug|Any CPU
		{99986CBD-0FFC-43E1-B368-E52EAF78CDE5}.Debug|Any CPU.Build.0 = Debug|Any CPU
		{99986CBD-0FFC-43E1-B368-E52EAF78CDE5}.Debug|x64.ActiveCfg = Debug|Any CPU
		{99986CBD-0FFC-43E1-B368-E52EAF78CDE5}.Debug|x64.Build.0 = Debug|Any CPU
		{99986CBD-0FFC-43E1-B368-E52EAF78CDE5}.Debug|x86.ActiveCfg = Debug|Any CPU
		{99986CBD-0FFC-43E1-B368-E52EAF78CDE5}.Debug|x86.Build.0 = Debug|Any CPU
		{99986CBD-0FFC-43E1-B368-E52EAF78CDE5}.Release|Any CPU.ActiveCfg = Release|Any CPU
		{99986CBD-0FFC-43E1-B368-E52EAF78CDE5}.Release|Any CPU.Build.0 = Release|Any CPU
		{99986CBD-0FFC-43E1-B368-E52EAF78CDE5}.Release|x64.ActiveCfg = Release|Any CPU
		{99986CBD-0FFC-43E1-B368-E52EAF78CDE5}.Release|x64.Build.0 = Release|Any CPU
		{99986CBD-0FFC-43E1-B368-E52EAF78CDE5}.Release|x86.ActiveCfg = Release|Any CPU
		{99986CBD-0FFC-43E1-B368-E52EAF78CDE5}.Release|x86.Build.0 = Release|Any CPU
		{5598F6EB-CF45-4286-B120-9075E53D122D}.Debug|Any CPU.ActiveCfg = Debug|Any CPU
		{5598F6EB-CF45-4286-B120-9075E53D122D}.Debug|Any CPU.Build.0 = Debug|Any CPU
		{5598F6EB-CF45-4286-B120-9075E53D122D}.Debug|x64.ActiveCfg = Debug|Any CPU
		{5598F6EB-CF45-4286-B120-9075E53D122D}.Debug|x64.Build.0 = Debug|Any CPU
		{5598F6EB-CF45-4286-B120-9075E53D122D}.Debug|x86.ActiveCfg = Debug|Any CPU
		{5598F6EB-CF45-4286-B120-9075E53D122D}.Debug|x86.Build.0 = Debug|Any CPU
		{5598F6EB-CF45-4286-B120-9075E53D122D}.Release|Any CPU.ActiveCfg = Release|Any CPU
		{5598F6EB-CF45-4286-B120-9075E53D122D}.Release|Any CPU.Build.0 = Release|Any CPU
		{5598F6EB-CF45-4286-B120-9075E53D122D}.Release|x64.ActiveCfg = Release|Any CPU
		{5598F6EB-CF45-4286-B120-9075E53D122D}.Release|x64.Build.0 = Release|Any CPU
		{5598F6EB-CF45-4286-B120-9075E53D122D}.Release|x86.ActiveCfg = Release|Any CPU
		{5598F6EB-CF45-4286-B120-9075E53D122D}.Release|x86.Build.0 = Release|Any CPU
		{C33C179A-433E-4997-9ABE-EF814B54338E}.Debug|Any CPU.ActiveCfg = Debug|Any CPU
		{C33C179A-433E-4997-9ABE-EF814B54338E}.Debug|Any CPU.Build.0 = Debug|Any CPU
		{C33C179A-433E-4997-9ABE-EF814B54338E}.Debug|x64.ActiveCfg = Debug|Any CPU
		{C33C179A-433E-4997-9ABE-EF814B54338E}.Debug|x64.Build.0 = Debug|Any CPU
		{C33C179A-433E-4997-9ABE-EF814B54338E}.Debug|x86.ActiveCfg = Debug|Any CPU
		{C33C179A-433E-4997-9ABE-EF814B54338E}.Debug|x86.Build.0 = Debug|Any CPU
		{C33C179A-433E-4997-9ABE-EF814B54338E}.Release|Any CPU.ActiveCfg = Release|Any CPU
		{C33C179A-433E-4997-9ABE-EF814B54338E}.Release|Any CPU.Build.0 = Release|Any CPU
		{C33C179A-433E-4997-9ABE-EF814B54338E}.Release|x64.ActiveCfg = Release|Any CPU
		{C33C179A-433E-4997-9ABE-EF814B54338E}.Release|x64.Build.0 = Release|Any CPU
		{C33C179A-433E-4997-9ABE-EF814B54338E}.Release|x86.ActiveCfg = Release|Any CPU
		{C33C179A-433E-4997-9ABE-EF814B54338E}.Release|x86.Build.0 = Release|Any CPU
		{8E772E0F-8095-4456-AB89-D37C8CB59004}.Debug|Any CPU.ActiveCfg = Debug|Any CPU
		{8E772E0F-8095-4456-AB89-D37C8CB59004}.Debug|Any CPU.Build.0 = Debug|Any CPU
		{8E772E0F-8095-4456-AB89-D37C8CB59004}.Debug|x64.ActiveCfg = Debug|Any CPU
		{8E772E0F-8095-4456-AB89-D37C8CB59004}.Debug|x64.Build.0 = Debug|Any CPU
		{8E772E0F-8095-4456-AB89-D37C8CB59004}.Debug|x86.ActiveCfg = Debug|Any CPU
		{8E772E0F-8095-4456-AB89-D37C8CB59004}.Debug|x86.Build.0 = Debug|Any CPU
		{8E772E0F-8095-4456-AB89-D37C8CB59004}.Release|Any CPU.ActiveCfg = Release|Any CPU
		{8E772E0F-8095-4456-AB89-D37C8CB59004}.Release|Any CPU.Build.0 = Release|Any CPU
		{8E772E0F-8095-4456-AB89-D37C8CB59004}.Release|x64.ActiveCfg = Release|Any CPU
		{8E772E0F-8095-4456-AB89-D37C8CB59004}.Release|x64.Build.0 = Release|Any CPU
		{8E772E0F-8095-4456-AB89-D37C8CB59004}.Release|x86.ActiveCfg = Release|Any CPU
		{8E772E0F-8095-4456-AB89-D37C8CB59004}.Release|x86.Build.0 = Release|Any CPU
		{243E790E-EBC3-43C8-982B-D25FAC49C891}.Debug|Any CPU.ActiveCfg = Debug|Any CPU
		{243E790E-EBC3-43C8-982B-D25FAC49C891}.Debug|Any CPU.Build.0 = Debug|Any CPU
		{243E790E-EBC3-43C8-982B-D25FAC49C891}.Debug|x64.ActiveCfg = Debug|Any CPU
		{243E790E-EBC3-43C8-982B-D25FAC49C891}.Debug|x64.Build.0 = Debug|Any CPU
		{243E790E-EBC3-43C8-982B-D25FAC49C891}.Debug|x86.ActiveCfg = Debug|Any CPU
		{243E790E-EBC3-43C8-982B-D25FAC49C891}.Debug|x86.Build.0 = Debug|Any CPU
		{243E790E-EBC3-43C8-982B-D25FAC49C891}.Release|Any CPU.ActiveCfg = Release|Any CPU
		{243E790E-EBC3-43C8-982B-D25FAC49C891}.Release|Any CPU.Build.0 = Release|Any CPU
		{243E790E-EBC3-43C8-982B-D25FAC49C891}.Release|x64.ActiveCfg = Release|Any CPU
		{243E790E-EBC3-43C8-982B-D25FAC49C891}.Release|x64.Build.0 = Release|Any CPU
		{243E790E-EBC3-43C8-982B-D25FAC49C891}.Release|x86.ActiveCfg = Release|Any CPU
		{243E790E-EBC3-43C8-982B-D25FAC49C891}.Release|x86.Build.0 = Release|Any CPU
		{69A1DDA3-DFF6-4CAA-8149-387A784B5BCF}.Debug|Any CPU.ActiveCfg = Debug|Any CPU
		{69A1DDA3-DFF6-4CAA-8149-387A784B5BCF}.Debug|Any CPU.Build.0 = Debug|Any CPU
		{69A1DDA3-DFF6-4CAA-8149-387A784B5BCF}.Debug|x64.ActiveCfg = Debug|Any CPU
		{69A1DDA3-DFF6-4CAA-8149-387A784B5BCF}.Debug|x64.Build.0 = Debug|Any CPU
		{69A1DDA3-DFF6-4CAA-8149-387A784B5BCF}.Debug|x86.ActiveCfg = Debug|Any CPU
		{69A1DDA3-DFF6-4CAA-8149-387A784B5BCF}.Debug|x86.Build.0 = Debug|Any CPU
		{69A1DDA3-DFF6-4CAA-8149-387A784B5BCF}.Release|Any CPU.ActiveCfg = Release|Any CPU
		{69A1DDA3-DFF6-4CAA-8149-387A784B5BCF}.Release|Any CPU.Build.0 = Release|Any CPU
		{69A1DDA3-DFF6-4CAA-8149-387A784B5BCF}.Release|x64.ActiveCfg = Release|Any CPU
		{69A1DDA3-DFF6-4CAA-8149-387A784B5BCF}.Release|x64.Build.0 = Release|Any CPU
		{69A1DDA3-DFF6-4CAA-8149-387A784B5BCF}.Release|x86.ActiveCfg = Release|Any CPU
		{69A1DDA3-DFF6-4CAA-8149-387A784B5BCF}.Release|x86.Build.0 = Release|Any CPU
		{14881C7F-E247-403D-9C79-022A16D55451}.Debug|Any CPU.ActiveCfg = Debug|Any CPU
		{14881C7F-E247-403D-9C79-022A16D55451}.Debug|Any CPU.Build.0 = Debug|Any CPU
		{14881C7F-E247-403D-9C79-022A16D55451}.Debug|x64.ActiveCfg = Debug|Any CPU
		{14881C7F-E247-403D-9C79-022A16D55451}.Debug|x64.Build.0 = Debug|Any CPU
		{14881C7F-E247-403D-9C79-022A16D55451}.Debug|x86.ActiveCfg = Debug|Any CPU
		{14881C7F-E247-403D-9C79-022A16D55451}.Debug|x86.Build.0 = Debug|Any CPU
		{14881C7F-E247-403D-9C79-022A16D55451}.Release|Any CPU.ActiveCfg = Release|Any CPU
		{14881C7F-E247-403D-9C79-022A16D55451}.Release|Any CPU.Build.0 = Release|Any CPU
		{14881C7F-E247-403D-9C79-022A16D55451}.Release|x64.ActiveCfg = Release|Any CPU
		{14881C7F-E247-403D-9C79-022A16D55451}.Release|x64.Build.0 = Release|Any CPU
		{14881C7F-E247-403D-9C79-022A16D55451}.Release|x86.ActiveCfg = Release|Any CPU
		{14881C7F-E247-403D-9C79-022A16D55451}.Release|x86.Build.0 = Release|Any CPU
		{D55FAE54-8AE8-4810-98EF-C9277B8A7735}.Debug|Any CPU.ActiveCfg = Debug|Any CPU
		{D55FAE54-8AE8-4810-98EF-C9277B8A7735}.Debug|Any CPU.Build.0 = Debug|Any CPU
		{D55FAE54-8AE8-4810-98EF-C9277B8A7735}.Debug|x64.ActiveCfg = Debug|Any CPU
		{D55FAE54-8AE8-4810-98EF-C9277B8A7735}.Debug|x64.Build.0 = Debug|Any CPU
		{D55FAE54-8AE8-4810-98EF-C9277B8A7735}.Debug|x86.ActiveCfg = Debug|Any CPU
		{D55FAE54-8AE8-4810-98EF-C9277B8A7735}.Debug|x86.Build.0 = Debug|Any CPU
		{D55FAE54-8AE8-4810-98EF-C9277B8A7735}.Release|Any CPU.ActiveCfg = Release|Any CPU
		{D55FAE54-8AE8-4810-98EF-C9277B8A7735}.Release|Any CPU.Build.0 = Release|Any CPU
		{D55FAE54-8AE8-4810-98EF-C9277B8A7735}.Release|x64.ActiveCfg = Release|Any CPU
		{D55FAE54-8AE8-4810-98EF-C9277B8A7735}.Release|x64.Build.0 = Release|Any CPU
		{D55FAE54-8AE8-4810-98EF-C9277B8A7735}.Release|x86.ActiveCfg = Release|Any CPU
		{D55FAE54-8AE8-4810-98EF-C9277B8A7735}.Release|x86.Build.0 = Release|Any CPU
	EndGlobalSection
	GlobalSection(SolutionProperties) = preSolution
		HideSolutionNode = FALSE
	EndGlobalSection
EndGlobal
